# This file is automatically @generated by Cargo.
# It is not intended for manual editing.
version = 3

[[package]]
name = "cc"
version = "1.0.99"
source = "registry+https://github.com/rust-lang/crates.io-index"
checksum = "96c51067fd44124faa7f870b4b1c969379ad32b2ba805aa959430ceaa384f695"

[[package]]
name = "format_no_std"
version = "1.2.0"
source = "registry+https://github.com/rust-lang/crates.io-index"
checksum = "9ae45e32b0bfe2c62c805f8e87027b5aa08562000326edbc5b421ab6d92873a7"

[[package]]
name = "kernel"
version = "0.1.0"
dependencies = [
 "cc",
 "format_no_std",
]
